
Microsoft Visual Studio Solution File, Format Version 12.00
# Visual Studio Version 17
VisualStudioVersion = 17.8.34525.116
MinimumVisualStudioVersion = 10.0.40219.1
Project("{9A19103F-16F7-4668-BE54-9A1E7A4F7556}") = "BabyMonitorApi", "BabyMonitorApi\BabyMonitorApi.csproj", "{2E7D3E44-263B-479D-B5F5-4DC972BE6ECB}"
EndProject
Project("{9A19103F-16F7-4668-BE54-9A1E7A4F7556}") = "BabyMonitorApiDataAccess", "BabyMonitorApiDataAccess\BabyMonitorApiDataAccess.csproj", "{E6E34498-D878-43A5-89BC-3328DBEFE74E}"
EndProject
Project("{2150E333-8FDC-42A3-9474-1A3956D46DE8}") = "Solution Items", "Solution Items", "{A71BED25-5243-4365-B28D-B2E1175836A5}"
	ProjectSection(SolutionItems) = preProject
		.gitignore = .gitignore
	EndProjectSection
EndProject
Project("{FAE04EC0-301F-11D3-BF4B-00C04F79EFBC}") = "BabyMonitorApiBusiness", "BabyMonitorApiBusiness\BabyMonitorApiBusiness.csproj", "{02540C50-D7F0-48F5-B686-FE108025A051}"
EndProject
Global
	GlobalSection(SolutionConfigurationPlatforms) = preSolution
		Debug|Any CPU = Debug|Any CPU
		Release|Any CPU = Release|Any CPU
	EndGlobalSection
	GlobalSection(ProjectConfigurationPlatforms) = postSolution
		{2E7D3E44-263B-479D-B5F5-4DC972BE6ECB}.Debug|Any CPU.ActiveCfg = Debug|Any CPU
		{2E7D3E44-263B-479D-B5F5-4DC972BE6ECB}.Debug|Any CPU.Build.0 = Debug|Any CPU
		{2E7D3E44-263B-479D-B5F5-4DC972BE6ECB}.Release|Any CPU.ActiveCfg = Release|Any CPU
		{2E7D3E44-263B-479D-B5F5-4DC972BE6ECB}.Release|Any CPU.Build.0 = Release|Any CPU
		{E6E34498-D878-43A5-89BC-3328DBEFE74E}.Debug|Any CPU.ActiveCfg = Debug|Any CPU
		{E6E34498-D878-43A5-89BC-3328DBEFE74E}.Debug|Any CPU.Build.0 = Debug|Any CPU
		{E6E34498-D878-43A5-89BC-3328DBEFE74E}.Release|Any CPU.ActiveCfg = Release|Any CPU
		{E6E34498-D878-43A5-89BC-3328DBEFE74E}.Release|Any CPU.Build.0 = Release|Any CPU
		{02540C50-D7F0-48F5-B686-FE108025A051}.Debug|Any CPU.ActiveCfg = Debug|Any CPU
		{02540C50-D7F0-48F5-B686-FE108025A051}.Debug|Any CPU.Build.0 = Debug|Any CPU
		{02540C50-D7F0-48F5-B686-FE108025A051}.Release|Any CPU.ActiveCfg = Release|Any CPU
		{02540C50-D7F0-48F5-B686-FE108025A051}.Release|Any CPU.Build.0 = Release|Any CPU
	EndGlobalSection
	GlobalSection(SolutionProperties) = preSolution
		HideSolutionNode = FALSE
	EndGlobalSection
	GlobalSection(ExtensibilityGlobals) = postSolution
		SolutionGuid = {E1844B34-64B4-4FCE-AE95-8DB5781E5085}
	EndGlobalSection
EndGlobal
